// !$*UTF8*$!
{
	archiveVersion = 1;
	classes = {
	};
	objectVersion = 50;
	objects = {

/* Begin PBXBuildFile section */
		11AEBDAC23583F59002E3803 /* AppDelegate.m in Sources */ = {isa = PBXBuildFile; fileRef = 11AEBDAB23583F59002E3803 /* AppDelegate.m */; };
		11AEBDB223583F59002E3803 /* ViewController.m in Sources */ = {isa = PBXBuildFile; fileRef = 11AEBDB123583F59002E3803 /* ViewController.m */; };
		11AEBDB523583F59002E3803 /* Main.storyboard in Resources */ = {isa = PBXBuildFile; fileRef = 11AEBDB323583F59002E3803 /* Main.storyboard */; };
		11AEBDB723583F5D002E3803 /* Assets.xcassets in Resources */ = {isa = PBXBuildFile; fileRef = 11AEBDB623583F5D002E3803 /* Assets.xcassets */; };
		11AEBDBA23583F5D002E3803 /* LaunchScreen.storyboard in Resources */ = {isa = PBXBuildFile; fileRef = 11AEBDB823583F5D002E3803 /* LaunchScreen.storyboard */; };
		11AEBDBD23583F5D002E3803 /* main.m in Sources */ = {isa = PBXBuildFile; fileRef = 11AEBDBC23583F5D002E3803 /* main.m */; };
/* End PBXBuildFile section */

/* Begin PBXFileReference section */
		11AEBDA723583F59002E3803 /* transform形变.app */ = {isa = PBXFileReference; explicitFileType = wrapper.application; includeInIndex = 0; path = "transform形变.app"; sourceTree = BUILT_PRODUCTS_DIR; };
		11AEBDAA23583F59002E3803 /* AppDelegate.h */ = {isa = PBXFileReference; lastKnownFileType = sourcecode.c.h; path = AppDelegate.h; sourceTree = "<group>"; };
		11AEBDAB23583F59002E3803 /* AppDelegate.m */ = {isa = PBXFileReference; lastKnownFileType = sourcecode.c.objc; path = AppDelegate.m; sourceTree = "<group>"; };
		11AEBDB023583F59002E3803 /* ViewController.h */ = {isa = PBXFileReference; lastKnownFileType = sourcecode.c.h; path = ViewController.h; sourceTree = "<group>"; };
		11AEBDB123583F59002E3803 /* ViewController.m */ = {isa = PBXFileReference; lastKnownFileType = sourcecode.c.objc; path = ViewController.m; sourceTree = "<group>"; };
		11AEBDB423583F59002E3803 /* Base */ = {isa = PBXFileReference; lastKnownFileType = file.storyboard; name = Base; path = Base.lproj/Main.storyboard; sourceTree = "<group>"; };
		11AEBDB623583F5D002E3803 /* Assets.xcassets */ = {isa = PBXFileReference; lastKnownFileType = folder.assetcatalog; path = Assets.xcassets; sourceTree = "<group>"; };
		11AEBDB923583F5D002E3803 /* Base */ = {isa = PBXFileReference; lastKnownFileType = file.storyboard; name = Base; path = Base.lproj/LaunchScreen.storyboard; sourceTree = "<group>"; };
		11AEBDBB23583F5D002E3803 /* Info.plist */ = {isa = PBXFileReference; lastKnownFileType = text.plist.xml; path = Info.plist; sourceTree = "<group>"; };
		11AEBDBC23583F5D002E3803 /* main.m */ = {isa = PBXFileReference; lastKnownFileType = sourcecode.c.objc; path = main.m; sourceTree = "<group>"; };
/* End PBXFileReference section */

/* Begin PBXFrameworksBuildPhase section */
		11AEBDA423583F59002E3803 /* Frameworks */ = {
			isa = PBXFrameworksBuildPhase;
			buildActionMask = 2147483647;
			files = (
			);
			runOnlyForDeploymentPostprocessing = 0;
		};
/* End PBXFrameworksBuildPhase section */

/* Begin PBXGroup section */
		11AEBD9E23583F59002E3803 = {
			isa = PBXGroup;
			children = (
				11AEBDA923583F59002E3803 /* transform形变 */,
				11AEBDA823583F59002E3803 /* Products */,
			);
			sourceTree = "<group>";
		};
		11AEBDA823583F59002E3803 /* Products */ = {
			isa = PBXGroup;
			children = (
				11AEBDA723583F59002E3803 /* transform形变.app */,
			);
			name = Products;
			sourceTree = "<group>";
		};
		11AEBDA923583F59002E3803 /* transform形变 */ = {
			isa = PBXGroup;
			children = (
				11AEBDAA23583F59002E3803 /* AppDelegate.h */,
				11AEBDAB23583F59002E3803 /* AppDelegate.m */,
				11AEBDB023583F59002E3803 /* ViewController.h */,
				11AEBDB123583F59002E3803 /* ViewController.m */,
				11AEBDB323583F59002E3803 /* Main.storyboard */,
				11AEBDB623583F5D002E3803 /* Assets.xcassets */,
				11AEBDB823583F5D002E3803 /* LaunchScreen.storyboard */,
				11AEBDBB23583F5D002E3803 /* Info.plist */,
				11AEBDBC23583F5D002E3803 /* main.m */,
			);
			path = "transform形变";
			sourceTree = "<group>";
		};
/* End PBXGroup section */

/* Begin PBXNativeTarget section */
		11AEBDA623583F59002E3803 /* transform形变 */ = {
			isa = PBXNativeTarget;
			buildConfigurationList = 11AEBDC023583F5D002E3803 /* Build configuration list for PBXNativeTarget "transform形变" */;
			buildPhases = (
				11AEBDA323583F59002E3803 /* Sources */,
				11AEBDA423583F59002E3803 /* Frameworks */,
				11AEBDA523583F59002E3803 /* Resources */,
			);
			buildRules = (
			);
			dependencies = (
			);
			name = "transform形变";
			productName = "transform形变";
			productReference = 11AEBDA723583F59002E3803 /* transform形变.app */;
			productType = "com.apple.product-type.application";
		};
/* End PBXNativeTarget section */

/* Begin PBXProject section */
		11AEBD9F23583F59002E3803 /* Project object */ = {
			isa = PBXProject;
			attributes = {
				LastUpgradeCheck = 1110;
				ORGANIZATIONNAME = czm;
				TargetAttributes = {
					11AEBDA623583F59002E3803 = {
						CreatedOnToolsVersion = 11.1;
					};
				};
			};
			buildConfigurationList = 11AEBDA223583F59002E3803 /* Build configuration list for PBXProject "transform形变" */;
			compatibilityVersion = "Xcode 9.3";
			developmentRegion = en;
			hasScannedForEncodings = 0;
			knownRegions = (
				en,
				Base,
			);
			mainGroup = 11AEBD9E23583F59002E3803;
			productRefGroup = 11AEBDA823583F59002E3803 /* Products */;
			projectDirPath = "";
			projectRoot = "";
			targets = (
				11AEBDA623583F59002E3803 /* transform形变 */,
			);
		};
/* End PBXProject section */

/* Begin PBXResourcesBuildPhase section */
		11AEBDA523583F59002E3803 /* Resources */ = {
			isa = PBXResourcesBuildPhase;
			buildActionMask = 2147483647;
			files = (
				11AEBDBA23583F5D002E3803 /* LaunchScreen.storyboard in Resources */,
				11AEBDB723583F5D002E3803 /* Assets.xcassets in Resources */,
				11AEBDB523583F59002E3803 /* Main.storyboard in Resources */,
			);
			runOnlyForDeploymentPostprocessing = 0;
		};
/* End PBXResourcesBuildPhase section */

/* Begin PBXSourcesBuildPhase section */
		11AEBDA323583F59002E3803 /* Sources */ = {
			isa = PBXSourcesBuildPhase;
			buildActionMask = 2147483647;
			files = (
				11AEBDB223583F59002E3803 /* ViewController.m in Sources */,
				11AEBDAC23583F59002E3803 /* AppDelegate.m in Sources */,
				11AEBDBD23583F5D002E3803 /* main.m in Sources */,
			);
			runOnlyForDeploymentPostprocessing = 0;
		};
/* End PBXSourcesBuildPhase section */

/* Begin PBXVariantGroup section */
		11AEBDB323583F59002E3803 /* Main.storyboard */ = {
			isa = PBXVariantGroup;
			children = (
				11AEBDB423583F59002E3803 /* Base */,
			);
			name = Main.storyboard;
			sourceTree = "<group>";
		};
		11AEBDB823583F5D002E3803 /* LaunchScreen.storyboard */ = {
			isa = PBXVariantGroup;
			children = (
				11AEBDB923583F5D002E3803 /* Base */,
			);
			name = LaunchScreen.storyboard;
			sourceTree = "<group>";
		};
/* End PBXVariantGroup section */

/* Begin XCBuildConfiguration section */
		11AEBDBE23583F5D002E3803 /* Debug */ = {
			isa = XCBuildConfiguration;
			buildSettings = {
				ALWAYS_SEARCH_USER_PATHS = NO;
				CLANG_ANALYZER_NONNULL = YES;
				CLANG_ANALYZER_NUMBER_OBJECT_CONVERSION = YES_AGGRESSIVE;
				CLANG_CXX_LANGUAGE_STANDARD = "gnu++14";
				CLANG_CXX_LIBRARY = "libc++";
				CLANG_ENABLE_MODULES = YES;
				CLANG_ENABLE_OBJC_ARC = YES;
				CLANG_ENABLE_OBJC_WEAK = YES;
				CLANG_WARN_BLOCK_CAPTURE_AUTORELEASING = YES;
				CLANG_WARN_BOOL_CONVERSION = YES;
				CLANG_WARN_COMMA = YES;
				CLANG_WARN_CONSTANT_CONVERSION = YES;
				CLANG_WARN_DEPRECATED_OBJC_IMPLEMENTATIONS = YES;
				CLANG_WARN_DIRECT_OBJC_ISA_USAGE = YES_ERROR;
				CLANG_WARN_DOCUMENTATION_COMMENTS = YES;
				CLANG_WARN_EMPTY_BODY = YES;
				CLANG_WARN_ENUM_CONVERSION = YES;
				CLANG_WARN_INFINITE_RECURSION = YES;
				CLANG_WARN_INT_CONVERSION = YES;
				CLANG_WARN_NON_LITERAL_NULL_CONVERSION = YES;
				CLANG_WARN_OBJC_IMPLICIT_RETAIN_SELF = YES;
				CLANG_WARN_OBJC_LITERAL_CONVERSION = YES;
				CLANG_WARN_OBJC_ROOT_CLASS = YES_ERROR;
				CLANG_WARN_RANGE_LOOP_ANALYSIS = YES;
				CLANG_WARN_STRICT_PROTOTYPES = YES;
				CLANG_WARN_SUSPICIOUS_MOVE = YES;
				CLANG_WARN_UNGUARDED_AVAILABILITY = YES_AGGRESSIVE;
				CLANG_WARN_UNREACHABLE_CODE = YES;
				CLANG_WARN__DUPLICATE_METHOD_MATCH = YES;
				COPY_PHASE_STRIP = NO;
				DEBUG_INFORMATION_FORMAT = dwarf;
				ENABLE_STRICT_OBJC_MSGSEND = YES;
				ENABLE_TESTABILITY = YES;
				GCC_C_LANGUAGE_STANDARD = gnu11;
				GCC_DYNAMIC_NO_PIC = NO;
				GCC_NO_COMMON_BLOCKS = YES;
				GCC_OPTIMIZATION_LEVEL = 0;
				GCC_PREPROCESSOR_DEFINITIONS = (
					"DEBUG=1",
					"$(inherited)",
				);
				GCC_WARN_64_TO_32_BIT_CONVERSION = YES;
				GCC_WARN_ABOUT_RETURN_TYPE = YES_ERROR;
				GCC_WARN_UNDECLARED_SELECTOR = YES;
				GCC_WARN_UNINITIALIZED_AUTOS = YES_AGGRESSIVE;
				GCC_WARN_UNUSED_FUNCTION = YES;
				GCC_WARN_UNUSED_VARIABLE = YES;
				IPHONEOS_DEPLOYMENT_TARGET = 13.1;
				MTL_ENABLE_DEBUG_INFO = INCLUDE_SOURCE;
				MTL_FAST_MATH = YES;
				ONLY_ACTIVE_ARCH = YES;
				SDKROOT = iphoneos;
			};
			name = Debug;
		};
		11AEBDBF23583F5D002E3803 /* Release */ = {
			isa = XCBuildConfiguration;
			buildSettings = {
				ALWAYS_SEARCH_USER_PATHS = NO;
				CLANG_ANALYZER_NONNULL = YES;
				CLANG_ANALYZER_NUMBER_OBJECT_CONVERSION = YES_AGGRESSIVE;
				CLANG_CXX_LANGUAGE_STANDARD = "gnu++14";
				CLANG_CXX_LIBRARY = "libc++";
				CLANG_ENABLE_MODULES = YES;
				CLANG_ENABLE_OBJC_ARC = YES;
				CLANG_ENABLE_OBJC_WEAK = YES;
				CLANG_WARN_BLOCK_CAPTURE_AUTORELEASING = YES;
				CLANG_WARN_BOOL_CONVERSION = YES;
				CLANG_WARN_COMMA = YES;
				CLANG_WARN_CONSTANT_CONVERSION = YES;
				CLANG_WARN_DEPRECATED_OBJC_IMPLEMENTATIONS = YES;
				CLANG_WARN_DIRECT_OBJC_ISA_USAGE = YES_ERROR;
				CLANG_WARN_DOCUMENTATION_COMMENTS = YES;
				CLANG_WARN_EMPTY_BODY = YES;
				CLANG_WARN_ENUM_CONVERSION = YES;
				CLANG_WARN_INFINITE_RECURSION = YES;
				CLANG_WARN_INT_CONVERSION = YES;
				CLANG_WARN_NON_LITERAL_NULL_CONVERSION = YES;
				CLANG_WARN_OBJC_IMPLICIT_RETAIN_SELF = YES;
				CLANG_WARN_OBJC_LITERAL_CONVERSION = YES;
				CLANG_WARN_OBJC_ROOT_CLASS = YES_ERROR;
				CLANG_WARN_RANGE_LOOP_ANALYSIS = YES;
				CLANG_WARN_STRICT_PROTOTYPES = YES;
				CLANG_WARN_SUSPICIOUS_MOVE = YES;
				CLANG_WARN_UNGUARDED_AVAILABILITY = YES_AGGRESSIVE;
				CLANG_WARN_UNREACHABLE_CODE = YES;
				CLANG_WARN__DUPLICATE_METHOD_MATCH = YES;
				COPY_PHASE_STRIP = NO;
				DEBUG_INFORMATION_FORMAT = "dwarf-with-dsym";
				ENABLE_NS_ASSERTIONS = NO;
				ENABLE_STRICT_OBJC_MSGSEND = YES;
				GCC_C_LANGUAGE_STANDARD = gnu11;
				GCC_NO_COMMON_BLOCKS = YES;
				GCC_WARN_64_TO_32_BIT_CONVERSION = YES;
				GCC_WARN_ABOUT_RETURN_TYPE = YES_ERROR;
				GCC_WARN_UNDECLARED_SELECTOR = YES;
				GCC_WARN_UNINITIALIZED_AUTOS = YES_AGGRESSIVE;
				GCC_WARN_UNUSED_FUNCTION = YES;
				GCC_WARN_UNUSED_VARIABLE = YES;
				IPHONEOS_DEPLOYMENT_TARGET = 13.1;
				MTL_ENABLE_DEBUG_INFO = NO;
				MTL_FAST_MATH = YES;
				SDKROOT = iphoneos;
				VALIDATE_PRODUCT = YES;
			};
			name = Release;
		};
		11AEBDC123583F5D002E3803 /* Debug */ = {
			isa = XCBuildConfiguration;
			buildSettings = {
				ASSETCATALOG_COMPILER_APPICON_NAME = AppIcon;
				CODE_SIGN_STYLE = Automatic;
				DEVELOPMENT_TEAM = U6UNEH5N3U;
				INFOPLIST_FILE = "transform形变/Info.plist";
				IPHONEOS_DEPLOYMENT_TARGET = 11.0;
				LD_RUNPATH_SEARCH_PATHS = (
					"$(inherited)",
					"@executable_path/Frameworks",
				);
				PRODUCT_BUNDLE_IDENTIFIER = "com.czm.test.transform--";
				PRODUCT_NAME = "$(TARGET_NAME)";
				TARGETED_DEVICE_FAMILY = "1,2";
			};
			name = Debug;
		};
		11AEBDC223583F5D002E3803 /* Release */ = {
			isa = XCBuildConfiguration;
			buildSettings = {
				ASSETCATALOG_COMPILER_APPICON_NAME = AppIcon;
				CODE_SIGN_STYLE = Automatic;
				DEVELOPMENT_TEAM = U6UNEH5N3U;
				INFOPLIST_FILE = "transform形变/Info.plist";
				IPHONEOS_DEPLOYMENT_TARGET = 11.0;
				LD_RUNPATH_SEARCH_PATHS = (
					"$(inherited)",
					"@executable_path/Frameworks",
				);
				PRODUCT_BUNDLE_IDENTIFIER = "com.czm.test.transform--";
				PRODUCT_NAME = "$(TARGET_NAME)";
				TARGETED_DEVICE_FAMILY = "1,2";
			};
			name = Release;
		};
/* End XCBuildConfiguration section */

/* Begin XCConfigurationList section */
		11AEBDA223583F59002E3803 /* Build configuration list for PBXProject "transform形变" */ = {
			isa = XCConfigurationList;
			buildConfigurations = (
				11AEBDBE23583F5D002E3803 /* Debug */,
				11AEBDBF23583F5D002E3803 /* Release */,
			);
			defaultConfigurationIsVisible = 0;
			defaultConfigurationName = Release;
		};
		11AEBDC023583F5D002E3803 /* Build configuration list for PBXNativeTarget "transform形变" */ = {
			isa = XCConfigurationList;
			buildConfigurations = (
				11AEBDC123583F5D002E3803 /* Debug */,
				11AEBDC223583F5D002E3803 /* Release */,
			);
			defaultConfigurationIsVisible = 0;
			defaultConfigurationName = Release;
		};
/* End XCConfigurationList section */
	};
	rootObject = 11AEBD9F23583F59002E3803 /* Project object */;
}
