// !$*UTF8*$!
{
	archiveVersion = 1;
	classes = {
	};
	objectVersion = 50;
	objects = {

/* Begin PBXBuildFile section */
		113F53052378ED8D00E0F34B /* AppDelegate.m in Sources */ = {isa = PBXBuildFile; fileRef = 113F53042378ED8D00E0F34B /* AppDelegate.m */; };
		113F53102378ED8F00E0F34B /* Assets.xcassets in Resources */ = {isa = PBXBuildFile; fileRef = 113F530F2378ED8F00E0F34B /* Assets.xcassets */; };
		113F53132378ED8F00E0F34B /* LaunchScreen.storyboard in Resources */ = {isa = PBXBuildFile; fileRef = 113F53112378ED8F00E0F34B /* LaunchScreen.storyboard */; };
		113F53162378ED8F00E0F34B /* main.m in Sources */ = {isa = PBXBuildFile; fileRef = 113F53152378ED8F00E0F34B /* main.m */; };
		113F531F2378EDD200E0F34B /* ZMNavigationController.m in Sources */ = {isa = PBXBuildFile; fileRef = 113F531E2378EDD200E0F34B /* ZMNavigationController.m */; };
		113F53222378EDF000E0F34B /* ZMBasicViewController.m in Sources */ = {isa = PBXBuildFile; fileRef = 113F53212378EDF000E0F34B /* ZMBasicViewController.m */; };
		113F53262378EE6200E0F34B /* OneViewController.m in Sources */ = {isa = PBXBuildFile; fileRef = 113F53252378EE6200E0F34B /* OneViewController.m */; };
		113F53292378EE6900E0F34B /* TwoViewController.m in Sources */ = {isa = PBXBuildFile; fileRef = 113F53282378EE6900E0F34B /* TwoViewController.m */; };
		113F532D2378EF1900E0F34B /* UIImage+Extension.m in Sources */ = {isa = PBXBuildFile; fileRef = 113F532C2378EF1900E0F34B /* UIImage+Extension.m */; };
/* End PBXBuildFile section */

/* Begin PBXFileReference section */
		113F53002378ED8D00E0F34B /* 导航控制器(一).app */ = {isa = PBXFileReference; explicitFileType = wrapper.application; includeInIndex = 0; path = "导航控制器(一).app"; sourceTree = BUILT_PRODUCTS_DIR; };
		113F53032378ED8D00E0F34B /* AppDelegate.h */ = {isa = PBXFileReference; lastKnownFileType = sourcecode.c.h; path = AppDelegate.h; sourceTree = "<group>"; };
		113F53042378ED8D00E0F34B /* AppDelegate.m */ = {isa = PBXFileReference; lastKnownFileType = sourcecode.c.objc; path = AppDelegate.m; sourceTree = "<group>"; };
		113F530F2378ED8F00E0F34B /* Assets.xcassets */ = {isa = PBXFileReference; lastKnownFileType = folder.assetcatalog; path = Assets.xcassets; sourceTree = "<group>"; };
		113F53122378ED8F00E0F34B /* Base */ = {isa = PBXFileReference; lastKnownFileType = file.storyboard; name = Base; path = Base.lproj/LaunchScreen.storyboard; sourceTree = "<group>"; };
		113F53142378ED8F00E0F34B /* Info.plist */ = {isa = PBXFileReference; lastKnownFileType = text.plist.xml; path = Info.plist; sourceTree = "<group>"; };
		113F53152378ED8F00E0F34B /* main.m */ = {isa = PBXFileReference; lastKnownFileType = sourcecode.c.objc; path = main.m; sourceTree = "<group>"; };
		113F531D2378EDD200E0F34B /* ZMNavigationController.h */ = {isa = PBXFileReference; lastKnownFileType = sourcecode.c.h; path = ZMNavigationController.h; sourceTree = "<group>"; };
		113F531E2378EDD200E0F34B /* ZMNavigationController.m */ = {isa = PBXFileReference; lastKnownFileType = sourcecode.c.objc; path = ZMNavigationController.m; sourceTree = "<group>"; };
		113F53202378EDF000E0F34B /* ZMBasicViewController.h */ = {isa = PBXFileReference; lastKnownFileType = sourcecode.c.h; path = ZMBasicViewController.h; sourceTree = "<group>"; };
		113F53212378EDF000E0F34B /* ZMBasicViewController.m */ = {isa = PBXFileReference; lastKnownFileType = sourcecode.c.objc; path = ZMBasicViewController.m; sourceTree = "<group>"; };
		113F53242378EE6200E0F34B /* OneViewController.h */ = {isa = PBXFileReference; lastKnownFileType = sourcecode.c.h; path = OneViewController.h; sourceTree = "<group>"; };
		113F53252378EE6200E0F34B /* OneViewController.m */ = {isa = PBXFileReference; lastKnownFileType = sourcecode.c.objc; path = OneViewController.m; sourceTree = "<group>"; };
		113F53272378EE6900E0F34B /* TwoViewController.h */ = {isa = PBXFileReference; lastKnownFileType = sourcecode.c.h; path = TwoViewController.h; sourceTree = "<group>"; };
		113F53282378EE6900E0F34B /* TwoViewController.m */ = {isa = PBXFileReference; lastKnownFileType = sourcecode.c.objc; path = TwoViewController.m; sourceTree = "<group>"; };
		113F532B2378EF1900E0F34B /* UIImage+Extension.h */ = {isa = PBXFileReference; lastKnownFileType = sourcecode.c.h; path = "UIImage+Extension.h"; sourceTree = "<group>"; };
		113F532C2378EF1900E0F34B /* UIImage+Extension.m */ = {isa = PBXFileReference; lastKnownFileType = sourcecode.c.objc; path = "UIImage+Extension.m"; sourceTree = "<group>"; };
/* End PBXFileReference section */

/* Begin PBXFrameworksBuildPhase section */
		113F52FD2378ED8D00E0F34B /* Frameworks */ = {
			isa = PBXFrameworksBuildPhase;
			buildActionMask = 2147483647;
			files = (
			);
			runOnlyForDeploymentPostprocessing = 0;
		};
/* End PBXFrameworksBuildPhase section */

/* Begin PBXGroup section */
		113F52F72378ED8C00E0F34B = {
			isa = PBXGroup;
			children = (
				113F53022378ED8D00E0F34B /* 导航控制器(一) */,
				113F53012378ED8D00E0F34B /* Products */,
			);
			sourceTree = "<group>";
		};
		113F53012378ED8D00E0F34B /* Products */ = {
			isa = PBXGroup;
			children = (
				113F53002378ED8D00E0F34B /* 导航控制器(一).app */,
			);
			name = Products;
			sourceTree = "<group>";
		};
		113F53022378ED8D00E0F34B /* 导航控制器(一) */ = {
			isa = PBXGroup;
			children = (
				113F532A2378EEFA00E0F34B /* Category */,
				113F53232378EE5300E0F34B /* Controllers */,
				113F531C2378EDAF00E0F34B /* BaseViewController */,
				113F53032378ED8D00E0F34B /* AppDelegate.h */,
				113F53042378ED8D00E0F34B /* AppDelegate.m */,
				113F530F2378ED8F00E0F34B /* Assets.xcassets */,
				113F53112378ED8F00E0F34B /* LaunchScreen.storyboard */,
				113F53142378ED8F00E0F34B /* Info.plist */,
				113F53152378ED8F00E0F34B /* main.m */,
			);
			path = "导航控制器(一)";
			sourceTree = "<group>";
		};
		113F531C2378EDAF00E0F34B /* BaseViewController */ = {
			isa = PBXGroup;
			children = (
				113F531D2378EDD200E0F34B /* ZMNavigationController.h */,
				113F531E2378EDD200E0F34B /* ZMNavigationController.m */,
				113F53202378EDF000E0F34B /* ZMBasicViewController.h */,
				113F53212378EDF000E0F34B /* ZMBasicViewController.m */,
			);
			path = BaseViewController;
			sourceTree = "<group>";
		};
		113F53232378EE5300E0F34B /* Controllers */ = {
			isa = PBXGroup;
			children = (
				113F53242378EE6200E0F34B /* OneViewController.h */,
				113F53252378EE6200E0F34B /* OneViewController.m */,
				113F53272378EE6900E0F34B /* TwoViewController.h */,
				113F53282378EE6900E0F34B /* TwoViewController.m */,
			);
			path = Controllers;
			sourceTree = "<group>";
		};
		113F532A2378EEFA00E0F34B /* Category */ = {
			isa = PBXGroup;
			children = (
				113F532B2378EF1900E0F34B /* UIImage+Extension.h */,
				113F532C2378EF1900E0F34B /* UIImage+Extension.m */,
			);
			path = Category;
			sourceTree = "<group>";
		};
/* End PBXGroup section */

/* Begin PBXNativeTarget section */
		113F52FF2378ED8D00E0F34B /* 导航控制器(一) */ = {
			isa = PBXNativeTarget;
			buildConfigurationList = 113F53192378ED8F00E0F34B /* Build configuration list for PBXNativeTarget "导航控制器(一)" */;
			buildPhases = (
				113F52FC2378ED8D00E0F34B /* Sources */,
				113F52FD2378ED8D00E0F34B /* Frameworks */,
				113F52FE2378ED8D00E0F34B /* Resources */,
			);
			buildRules = (
			);
			dependencies = (
			);
			name = "导航控制器(一)";
			productName = "导航控制器(一)";
			productReference = 113F53002378ED8D00E0F34B /* 导航控制器(一).app */;
			productType = "com.apple.product-type.application";
		};
/* End PBXNativeTarget section */

/* Begin PBXProject section */
		113F52F82378ED8C00E0F34B /* Project object */ = {
			isa = PBXProject;
			attributes = {
				LastUpgradeCheck = 1120;
				ORGANIZATIONNAME = czm;
				TargetAttributes = {
					113F52FF2378ED8D00E0F34B = {
						CreatedOnToolsVersion = 11.2;
					};
				};
			};
			buildConfigurationList = 113F52FB2378ED8C00E0F34B /* Build configuration list for PBXProject "导航控制器(一)" */;
			compatibilityVersion = "Xcode 9.3";
			developmentRegion = en;
			hasScannedForEncodings = 0;
			knownRegions = (
				en,
				Base,
			);
			mainGroup = 113F52F72378ED8C00E0F34B;
			productRefGroup = 113F53012378ED8D00E0F34B /* Products */;
			projectDirPath = "";
			projectRoot = "";
			targets = (
				113F52FF2378ED8D00E0F34B /* 导航控制器(一) */,
			);
		};
/* End PBXProject section */

/* Begin PBXResourcesBuildPhase section */
		113F52FE2378ED8D00E0F34B /* Resources */ = {
			isa = PBXResourcesBuildPhase;
			buildActionMask = 2147483647;
			files = (
				113F53132378ED8F00E0F34B /* LaunchScreen.storyboard in Resources */,
				113F53102378ED8F00E0F34B /* Assets.xcassets in Resources */,
			);
			runOnlyForDeploymentPostprocessing = 0;
		};
/* End PBXResourcesBuildPhase section */

/* Begin PBXSourcesBuildPhase section */
		113F52FC2378ED8D00E0F34B /* Sources */ = {
			isa = PBXSourcesBuildPhase;
			buildActionMask = 2147483647;
			files = (
				113F531F2378EDD200E0F34B /* ZMNavigationController.m in Sources */,
				113F532D2378EF1900E0F34B /* UIImage+Extension.m in Sources */,
				113F53262378EE6200E0F34B /* OneViewController.m in Sources */,
				113F53222378EDF000E0F34B /* ZMBasicViewController.m in Sources */,
				113F53292378EE6900E0F34B /* TwoViewController.m in Sources */,
				113F53052378ED8D00E0F34B /* AppDelegate.m in Sources */,
				113F53162378ED8F00E0F34B /* main.m in Sources */,
			);
			runOnlyForDeploymentPostprocessing = 0;
		};
/* End PBXSourcesBuildPhase section */

/* Begin PBXVariantGroup section */
		113F53112378ED8F00E0F34B /* LaunchScreen.storyboard */ = {
			isa = PBXVariantGroup;
			children = (
				113F53122378ED8F00E0F34B /* Base */,
			);
			name = LaunchScreen.storyboard;
			sourceTree = "<group>";
		};
/* End PBXVariantGroup section */

/* Begin XCBuildConfiguration section */
		113F53172378ED8F00E0F34B /* Debug */ = {
			isa = XCBuildConfiguration;
			buildSettings = {
				ALWAYS_SEARCH_USER_PATHS = NO;
				CLANG_ANALYZER_NONNULL = YES;
				CLANG_ANALYZER_NUMBER_OBJECT_CONVERSION = YES_AGGRESSIVE;
				CLANG_CXX_LANGUAGE_STANDARD = "gnu++14";
				CLANG_CXX_LIBRARY = "libc++";
				CLANG_ENABLE_MODULES = YES;
				CLANG_ENABLE_OBJC_ARC = YES;
				CLANG_ENABLE_OBJC_WEAK = YES;
				CLANG_WARN_BLOCK_CAPTURE_AUTORELEASING = YES;
				CLANG_WARN_BOOL_CONVERSION = YES;
				CLANG_WARN_COMMA = YES;
				CLANG_WARN_CONSTANT_CONVERSION = YES;
				CLANG_WARN_DEPRECATED_OBJC_IMPLEMENTATIONS = YES;
				CLANG_WARN_DIRECT_OBJC_ISA_USAGE = YES_ERROR;
				CLANG_WARN_DOCUMENTATION_COMMENTS = YES;
				CLANG_WARN_EMPTY_BODY = YES;
				CLANG_WARN_ENUM_CONVERSION = YES;
				CLANG_WARN_INFINITE_RECURSION = YES;
				CLANG_WARN_INT_CONVERSION = YES;
				CLANG_WARN_NON_LITERAL_NULL_CONVERSION = YES;
				CLANG_WARN_OBJC_IMPLICIT_RETAIN_SELF = YES;
				CLANG_WARN_OBJC_LITERAL_CONVERSION = YES;
				CLANG_WARN_OBJC_ROOT_CLASS = YES_ERROR;
				CLANG_WARN_RANGE_LOOP_ANALYSIS = YES;
				CLANG_WARN_STRICT_PROTOTYPES = YES;
				CLANG_WARN_SUSPICIOUS_MOVE = YES;
				CLANG_WARN_UNGUARDED_AVAILABILITY = YES_AGGRESSIVE;
				CLANG_WARN_UNREACHABLE_CODE = YES;
				CLANG_WARN__DUPLICATE_METHOD_MATCH = YES;
				COPY_PHASE_STRIP = NO;
				DEBUG_INFORMATION_FORMAT = dwarf;
				ENABLE_STRICT_OBJC_MSGSEND = YES;
				ENABLE_TESTABILITY = YES;
				GCC_C_LANGUAGE_STANDARD = gnu11;
				GCC_DYNAMIC_NO_PIC = NO;
				GCC_NO_COMMON_BLOCKS = YES;
				GCC_OPTIMIZATION_LEVEL = 0;
				GCC_PREPROCESSOR_DEFINITIONS = (
					"DEBUG=1",
					"$(inherited)",
				);
				GCC_WARN_64_TO_32_BIT_CONVERSION = YES;
				GCC_WARN_ABOUT_RETURN_TYPE = YES_ERROR;
				GCC_WARN_UNDECLARED_SELECTOR = YES;
				GCC_WARN_UNINITIALIZED_AUTOS = YES_AGGRESSIVE;
				GCC_WARN_UNUSED_FUNCTION = YES;
				GCC_WARN_UNUSED_VARIABLE = YES;
				IPHONEOS_DEPLOYMENT_TARGET = 13.2;
				MTL_ENABLE_DEBUG_INFO = INCLUDE_SOURCE;
				MTL_FAST_MATH = YES;
				ONLY_ACTIVE_ARCH = YES;
				SDKROOT = iphoneos;
			};
			name = Debug;
		};
		113F53182378ED8F00E0F34B /* Release */ = {
			isa = XCBuildConfiguration;
			buildSettings = {
				ALWAYS_SEARCH_USER_PATHS = NO;
				CLANG_ANALYZER_NONNULL = YES;
				CLANG_ANALYZER_NUMBER_OBJECT_CONVERSION = YES_AGGRESSIVE;
				CLANG_CXX_LANGUAGE_STANDARD = "gnu++14";
				CLANG_CXX_LIBRARY = "libc++";
				CLANG_ENABLE_MODULES = YES;
				CLANG_ENABLE_OBJC_ARC = YES;
				CLANG_ENABLE_OBJC_WEAK = YES;
				CLANG_WARN_BLOCK_CAPTURE_AUTORELEASING = YES;
				CLANG_WARN_BOOL_CONVERSION = YES;
				CLANG_WARN_COMMA = YES;
				CLANG_WARN_CONSTANT_CONVERSION = YES;
				CLANG_WARN_DEPRECATED_OBJC_IMPLEMENTATIONS = YES;
				CLANG_WARN_DIRECT_OBJC_ISA_USAGE = YES_ERROR;
				CLANG_WARN_DOCUMENTATION_COMMENTS = YES;
				CLANG_WARN_EMPTY_BODY = YES;
				CLANG_WARN_ENUM_CONVERSION = YES;
				CLANG_WARN_INFINITE_RECURSION = YES;
				CLANG_WARN_INT_CONVERSION = YES;
				CLANG_WARN_NON_LITERAL_NULL_CONVERSION = YES;
				CLANG_WARN_OBJC_IMPLICIT_RETAIN_SELF = YES;
				CLANG_WARN_OBJC_LITERAL_CONVERSION = YES;
				CLANG_WARN_OBJC_ROOT_CLASS = YES_ERROR;
				CLANG_WARN_RANGE_LOOP_ANALYSIS = YES;
				CLANG_WARN_STRICT_PROTOTYPES = YES;
				CLANG_WARN_SUSPICIOUS_MOVE = YES;
				CLANG_WARN_UNGUARDED_AVAILABILITY = YES_AGGRESSIVE;
				CLANG_WARN_UNREACHABLE_CODE = YES;
				CLANG_WARN__DUPLICATE_METHOD_MATCH = YES;
				COPY_PHASE_STRIP = NO;
				DEBUG_INFORMATION_FORMAT = "dwarf-with-dsym";
				ENABLE_NS_ASSERTIONS = NO;
				ENABLE_STRICT_OBJC_MSGSEND = YES;
				GCC_C_LANGUAGE_STANDARD = gnu11;
				GCC_NO_COMMON_BLOCKS = YES;
				GCC_WARN_64_TO_32_BIT_CONVERSION = YES;
				GCC_WARN_ABOUT_RETURN_TYPE = YES_ERROR;
				GCC_WARN_UNDECLARED_SELECTOR = YES;
				GCC_WARN_UNINITIALIZED_AUTOS = YES_AGGRESSIVE;
				GCC_WARN_UNUSED_FUNCTION = YES;
				GCC_WARN_UNUSED_VARIABLE = YES;
				IPHONEOS_DEPLOYMENT_TARGET = 13.2;
				MTL_ENABLE_DEBUG_INFO = NO;
				MTL_FAST_MATH = YES;
				SDKROOT = iphoneos;
				VALIDATE_PRODUCT = YES;
			};
			name = Release;
		};
		113F531A2378ED8F00E0F34B /* Debug */ = {
			isa = XCBuildConfiguration;
			buildSettings = {
				ASSETCATALOG_COMPILER_APPICON_NAME = AppIcon;
				CODE_SIGN_STYLE = Automatic;
				DEVELOPMENT_TEAM = U6UNEH5N3U;
				INFOPLIST_FILE = "导航控制器(一)/Info.plist";
				IPHONEOS_DEPLOYMENT_TARGET = 10.0;
				LD_RUNPATH_SEARCH_PATHS = (
					"$(inherited)",
					"@executable_path/Frameworks",
				);
				PRODUCT_BUNDLE_IDENTIFIER = com.czm.test;
				PRODUCT_NAME = "$(TARGET_NAME)";
				TARGETED_DEVICE_FAMILY = "1,2";
			};
			name = Debug;
		};
		113F531B2378ED8F00E0F34B /* Release */ = {
			isa = XCBuildConfiguration;
			buildSettings = {
				ASSETCATALOG_COMPILER_APPICON_NAME = AppIcon;
				CODE_SIGN_STYLE = Automatic;
				DEVELOPMENT_TEAM = U6UNEH5N3U;
				INFOPLIST_FILE = "导航控制器(一)/Info.plist";
				IPHONEOS_DEPLOYMENT_TARGET = 10.0;
				LD_RUNPATH_SEARCH_PATHS = (
					"$(inherited)",
					"@executable_path/Frameworks",
				);
				PRODUCT_BUNDLE_IDENTIFIER = com.czm.test;
				PRODUCT_NAME = "$(TARGET_NAME)";
				TARGETED_DEVICE_FAMILY = "1,2";
			};
			name = Release;
		};
/* End XCBuildConfiguration section */

/* Begin XCConfigurationList section */
		113F52FB2378ED8C00E0F34B /* Build configuration list for PBXProject "导航控制器(一)" */ = {
			isa = XCConfigurationList;
			buildConfigurations = (
				113F53172378ED8F00E0F34B /* Debug */,
				113F53182378ED8F00E0F34B /* Release */,
			);
			defaultConfigurationIsVisible = 0;
			defaultConfigurationName = Release;
		};
		113F53192378ED8F00E0F34B /* Build configuration list for PBXNativeTarget "导航控制器(一)" */ = {
			isa = XCConfigurationList;
			buildConfigurations = (
				113F531A2378ED8F00E0F34B /* Debug */,
				113F531B2378ED8F00E0F34B /* Release */,
			);
			defaultConfigurationIsVisible = 0;
			defaultConfigurationName = Release;
		};
/* End XCConfigurationList section */
	};
	rootObject = 113F52F82378ED8C00E0F34B /* Project object */;
}
